
Microsoft Visual Studio Solution File, Format Version 12.00
# Visual Studio 15
VisualStudioVersion = 15.0.27130.2036
MinimumVisualStudioVersion = 10.0.40219.1
Project("{FAE04EC0-301F-11D3-BF4B-00C04F79EFBC}") = "Lynzy.Domain", "Lynzy.ClassLibrary\Lynzy.Domain.csproj", "{5DCB3E2C-3298-4677-A180-6ED079140CC5}"
EndProject
Project("{FAE04EC0-301F-11D3-BF4B-00C04F79EFBC}") = "Lynzy.WebUI", "Lynzy.WebApplication\Lynzy.WebUI.csproj", "{96783C49-A058-4E09-91E7-BECAD4B637B8}"
EndProject
Project("{FAE04EC0-301F-11D3-BF4B-00C04F79EFBC}") = "Lynzy.UnitTests", "Lynzy.UnitTests\Lynzy.UnitTests.csproj", "{FB89596F-66DF-4675-BBEA-BBC808D150A3}"
EndProject
Project("{2150E333-8FDC-42A3-9474-1A3956D46DE8}") = "SQL Files", "SQL Files", "{C0C26CFF-953E-49B6-8642-7A78DC6B96A1}"
	ProjectSection(SolutionItems) = preProject
		..\..\..\OneDrive - Embry-Riddle Aeronautical University\Lynzy.ssmssln = ..\..\..\OneDrive - Embry-Riddle Aeronautical University\Lynzy.ssmssln
		..\..\..\LynzyLDB.mdf = ..\..\..\LynzyLDB.mdf
		..\..\..\LynzyLDB_log.ldf = ..\..\..\LynzyLDB_log.ldf
		..\..\..\OneDrive - Embry-Riddle Aeronautical University\LynzyzInsertz.sql = ..\..\..\OneDrive - Embry-Riddle Aeronautical University\LynzyzInsertz.sql
		..\..\..\OneDrive - Embry-Riddle Aeronautical University\LynzyzProjectStep7.sql = ..\..\..\OneDrive - Embry-Riddle Aeronautical University\LynzyzProjectStep7.sql
		..\..\..\OneDrive - Embry-Riddle Aeronautical University\LynzyzSelectz.sql = ..\..\..\OneDrive - Embry-Riddle Aeronautical University\LynzyzSelectz.sql
	EndProjectSection
EndProject
Global
	GlobalSection(SolutionConfigurationPlatforms) = preSolution
		Debug|Any CPU = Debug|Any CPU
		Release|Any CPU = Release|Any CPU
	EndGlobalSection
	GlobalSection(ProjectConfigurationPlatforms) = postSolution
		{5DCB3E2C-3298-4677-A180-6ED079140CC5}.Debug|Any CPU.ActiveCfg = Debug|Any CPU
		{5DCB3E2C-3298-4677-A180-6ED079140CC5}.Debug|Any CPU.Build.0 = Debug|Any CPU
		{5DCB3E2C-3298-4677-A180-6ED079140CC5}.Release|Any CPU.ActiveCfg = Release|Any CPU
		{5DCB3E2C-3298-4677-A180-6ED079140CC5}.Release|Any CPU.Build.0 = Release|Any CPU
		{96783C49-A058-4E09-91E7-BECAD4B637B8}.Debug|Any CPU.ActiveCfg = Debug|Any CPU
		{96783C49-A058-4E09-91E7-BECAD4B637B8}.Debug|Any CPU.Build.0 = Debug|Any CPU
		{96783C49-A058-4E09-91E7-BECAD4B637B8}.Release|Any CPU.ActiveCfg = Release|Any CPU
		{96783C49-A058-4E09-91E7-BECAD4B637B8}.Release|Any CPU.Build.0 = Release|Any CPU
		{FB89596F-66DF-4675-BBEA-BBC808D150A3}.Debug|Any CPU.ActiveCfg = Debug|Any CPU
		{FB89596F-66DF-4675-BBEA-BBC808D150A3}.Debug|Any CPU.Build.0 = Debug|Any CPU
		{FB89596F-66DF-4675-BBEA-BBC808D150A3}.Release|Any CPU.ActiveCfg = Release|Any CPU
		{FB89596F-66DF-4675-BBEA-BBC808D150A3}.Release|Any CPU.Build.0 = Release|Any CPU
	EndGlobalSection
	GlobalSection(SolutionProperties) = preSolution
		HideSolutionNode = FALSE
	EndGlobalSection
	GlobalSection(ExtensibilityGlobals) = postSolution
		SolutionGuid = {B9AD118D-C291-48B9-8FFD-1E09466412C4}
	EndGlobalSection
EndGlobal
